PODS:
  - Morgan (0.1.0):
    - Walker
  - Walker (0.1.0)

DEPENDENCIES:
  - Morgan (from `../../`)
  - Walker (from `https://www.github.com/RamonGilabert/Walker`)

EXTERNAL SOURCES:
  Morgan:
    :path: ../../
  Walker:
    :git: https://www.github.com/RamonGilabert/Walker

CHECKOUT OPTIONS:
  Walker:
    :commit: 452cbc74e265f130657743335e66d33d9b97ad09
    :git: https://www.github.com/RamonGilabert/Walker

SPEC CHECKSUMS:
  Morgan: efdf3276ccb1d5ae7ee2362c04f74d17072d9db2
  Walker: 694d094cc8e9c79d5b906ff1c2cea581ba1c9be0

COCOAPODS: 0.39.0.beta.4
