PODS:
  - Morgan (0.9):
    - Walker
  - Walker (0.9)

DEPENDENCIES:
  - Morgan (from `../../`)
  - Walker (from `https://www.github.com/RamonGilabert/Walker`)

EXTERNAL SOURCES:
  Morgan:
    :path: ../../
  Walker:
    :git: https://www.github.com/RamonGilabert/Walker

CHECKOUT OPTIONS:
  Walker:
    :commit: 1c2fabe664f00110a92b07d20e531a81e8dc15e4
    :git: https://www.github.com/RamonGilabert/Walker

SPEC CHECKSUMS:
  Morgan: a87ce46d516b79b92a781fa45e1bd0735b912ab3
  Walker: a9401362364ed7fb4e816b1946ca44bc8e233f9a

COCOAPODS: 0.39.0.beta.4
